
Microsoft Visual Studio Solution File, Format Version 12.00
# Visual Studio 15
VisualStudioVersion = 15.0.28307.705
MinimumVisualStudioVersion = 10.0.40219.1
Project("{9A19103F-16F7-4668-BE54-9A1E7A4F7556}") = "GuanatosSoft.Api", "GuanatosSoft.Api\GuanatosSoft.Api.csproj", "{ECD14D94-8438-41B8-AA68-360249042BBA}"
EndProject
Project("{9A19103F-16F7-4668-BE54-9A1E7A4F7556}") = "GuanatosSoft.Api.Data", "GuanatosSoft.Api.Data\GuanatosSoft.Api.Data.csproj", "{54C2585A-AA98-4960-B192-4B5AAED48A94}"
EndProject
Project("{9A19103F-16F7-4668-BE54-9A1E7A4F7556}") = "GuanatosSoft.Api.Services", "GuanatosSoft.Api.Services\GuanatosSoft.Api.Services.csproj", "{B47A45C2-F6AA-40F7-9927-77CC3CC07F57}"
EndProject
Global
	GlobalSection(SolutionConfigurationPlatforms) = preSolution
		Debug|Any CPU = Debug|Any CPU
		Release|Any CPU = Release|Any CPU
	EndGlobalSection
	GlobalSection(ProjectConfigurationPlatforms) = postSolution
		{ECD14D94-8438-41B8-AA68-360249042BBA}.Debug|Any CPU.ActiveCfg = Debug|Any CPU
		{ECD14D94-8438-41B8-AA68-360249042BBA}.Debug|Any CPU.Build.0 = Debug|Any CPU
		{ECD14D94-8438-41B8-AA68-360249042BBA}.Release|Any CPU.ActiveCfg = Release|Any CPU
		{ECD14D94-8438-41B8-AA68-360249042BBA}.Release|Any CPU.Build.0 = Release|Any CPU
		{54C2585A-AA98-4960-B192-4B5AAED48A94}.Debug|Any CPU.ActiveCfg = Debug|Any CPU
		{54C2585A-AA98-4960-B192-4B5AAED48A94}.Debug|Any CPU.Build.0 = Debug|Any CPU
		{54C2585A-AA98-4960-B192-4B5AAED48A94}.Release|Any CPU.ActiveCfg = Release|Any CPU
		{54C2585A-AA98-4960-B192-4B5AAED48A94}.Release|Any CPU.Build.0 = Release|Any CPU
		{B47A45C2-F6AA-40F7-9927-77CC3CC07F57}.Debug|Any CPU.ActiveCfg = Debug|Any CPU
		{B47A45C2-F6AA-40F7-9927-77CC3CC07F57}.Debug|Any CPU.Build.0 = Debug|Any CPU
		{B47A45C2-F6AA-40F7-9927-77CC3CC07F57}.Release|Any CPU.ActiveCfg = Release|Any CPU
		{B47A45C2-F6AA-40F7-9927-77CC3CC07F57}.Release|Any CPU.Build.0 = Release|Any CPU
	EndGlobalSection
	GlobalSection(SolutionProperties) = preSolution
		HideSolutionNode = FALSE
	EndGlobalSection
	GlobalSection(ExtensibilityGlobals) = postSolution
		SolutionGuid = {596F5071-E1E1-4A55-88E0-8E7C90AEDFED}
	EndGlobalSection
EndGlobal
